Microsoft Visual Studio Solution File, Format Version 12.00
# Visual Studio Version 17
VisualStudioVersion = 17.5.2.0
MinimumVisualStudioVersion = 10.0.40219.1
Project("{FAE04EC0-301F-11D3-BF4B-00C04F79EFBC}") = "YarnSpinnerGodotSourceGenerator", "YarnSpinnerGodotSourceGenerator.csproj", "{B4D61F22-D597-964F-0547-2A361A809E8D}"
EndProject
Global
	GlobalSection(SolutionConfigurationPlatforms) = preSolution
		Debug|Any CPU = Debug|Any CPU
		Release|Any CPU = Release|Any CPU
	EndGlobalSection
	GlobalSection(ProjectConfigurationPlatforms) = postSolution
		{B4D61F22-D597-964F-0547-2A361A809E8D}.Debug|Any CPU.ActiveCfg = Debug|Any CPU
		{B4D61F22-D597-964F-0547-2A361A809E8D}.Debug|Any CPU.Build.0 = Debug|Any CPU
		{B4D61F22-D597-964F-0547-2A361A809E8D}.Release|Any CPU.ActiveCfg = Release|Any CPU
		{B4D61F22-D597-964F-0547-2A361A809E8D}.Release|Any CPU.Build.0 = Release|Any CPU
	EndGlobalSection
	GlobalSection(SolutionProperties) = preSolution
		HideSolutionNode = FALSE
	EndGlobalSection
	GlobalSection(ExtensibilityGlobals) = postSolution
		SolutionGuid = {A6B02B91-AA01-48E2-9B49-1D1787C9FF81}
	EndGlobalSection
EndGlobal
