Microsoft Visual Studio Solution File, Format Version 12.00
# Visual Studio 2012
Project("{FAE04EC0-301F-11D3-BF4B-00C04F79EFBC}") = "YarnSpinner-Godot", "YarnSpinner-Godot.csproj", "{71F4B622-590E-432C-844A-455DE846546D}"
EndProject
Global
	GlobalSection(SolutionConfigurationPlatforms) = preSolution
	Debug|Any CPU = Debug|Any CPU
	ExportDebug|Any CPU = ExportDebug|Any CPU
	ExportRelease|Any CPU = ExportRelease|Any CPU
	EndGlobalSection
	GlobalSection(ProjectConfigurationPlatforms) = postSolution
		{71F4B622-590E-432C-844A-455DE846546D}.Debug|Any CPU.ActiveCfg = Debug|Any CPU
		{71F4B622-590E-432C-844A-455DE846546D}.Debug|Any CPU.Build.0 = Debug|Any CPU
		{71F4B622-590E-432C-844A-455DE846546D}.ExportDebug|Any CPU.ActiveCfg = ExportDebug|Any CPU
		{71F4B622-590E-432C-844A-455DE846546D}.ExportDebug|Any CPU.Build.0 = ExportDebug|Any CPU
		{71F4B622-590E-432C-844A-455DE846546D}.ExportRelease|Any CPU.ActiveCfg = ExportRelease|Any CPU
		{71F4B622-590E-432C-844A-455DE846546D}.ExportRelease|Any CPU.Build.0 = ExportRelease|Any CPU
	EndGlobalSection
EndGlobal
